{
    "_meta": {
        "hash": {
            "sha256": "75b054ed23671de555f8b7db1442173ae9964fc4e1e23e7a35d05f2395aa0553"
        },
        "pipfile-spec": 6,
        "requires": {
            "python_full_version": "3.11.1",
            "python_version": "3.11"
        },
        "sources": [
            {
                "name": "pypi",
                "url": "https://pypi.org/simple",
                "verify_ssl": true
            }
        ]
    },
    "default": {
        "altgraph": {
            "hashes": [
                "sha256:1b5afbb98f6c4dcadb2e2ae6ab9fa994bbb8c1d75f4fa96d340f9437ae454406",
                "sha256:642743b4750de17e655e6711601b077bc6598dbfa3ba5fa2b2a35ce12b508dff"
            ],
            "version": "==0.17.4"
        },
        "numpy": {
            "hashes": [
                "sha256:03a8c78d01d9781b28a6989f6fa1bb2c4f2d51201cf99d3dd875df6fbd96b23b",
                "sha256:08beddf13648eb95f8d867350f6a018a4be2e5ad54c8d8caed89ebca558b2818",
                "sha256:1af303d6b2210eb850fcf03064d364652b7120803a0b872f5211f5234b399f20",
                "sha256:1dda2e7b4ec9dd512f84935c5f126c8bd8b9f2fc001e9f54af255e8c5f16b0e0",
                "sha256:2a02aba9ed12e4ac4eb3ea9421c420301a0c6460d9830d74a9df87efa4912010",
                "sha256:2e4ee3380d6de9c9ec04745830fd9e2eccb3e6cf790d39d7b98ffd19b0dd754a",
                "sha256:3373d5d70a5fe74a2c1bb6d2cfd9609ecf686d47a2d7b1d37a8f3b6bf6003aea",
                "sha256:47711010ad8555514b434df65f7d7b076bb8261df1ca9bb78f53d3b2db02e95c",
                "sha256:4c66707fabe114439db9068ee468c26bbdf909cac0fb58686a42a24de1760c71",
                "sha256:50193e430acfc1346175fcbdaa28ffec49947a06918b7b92130744e81e640110",
                "sha256:52b8b60467cd7dd1e9ed082188b4e6bb35aa5cdd01777621a1658910745b90be",
                "sha256:60dedbb91afcbfdc9bc0b1f3f402804070deed7392c23eb7a7f07fa857868e8a",
                "sha256:62b8e4b1e28009ef2846b4c7852046736bab361f7aeadeb6a5b89ebec3c7055a",
                "sha256:666dbfb6ec68962c033a450943ded891bed2d54e6755e35e5835d63f4f6931d5",
                "sha256:675d61ffbfa78604709862923189bad94014bef562cc35cf61d3a07bba02a7ed",
                "sha256:679b0076f67ecc0138fd2ede3a8fd196dddc2ad3254069bcb9faf9a79b1cebcd",
                "sha256:7349ab0fa0c429c82442a27a9673fc802ffdb7c7775fad780226cb234965e53c",
                "sha256:7ab55401287bfec946ced39700c053796e7cc0e3acbef09993a9ad2adba6ca6e",
                "sha256:7e50d0a0cc3189f9cb0aeb3a6a6af18c16f59f004b866cd2be1c14b36134a4a0",
                "sha256:95a7476c59002f2f6c590b9b7b998306fba6a5aa646b1e22ddfeaf8f78c3a29c",
                "sha256:96ff0b2ad353d8f990b63294c8986f1ec3cb19d749234014f4e7eb0112ceba5a",
                "sha256:9fad7dcb1aac3c7f0584a5a8133e3a43eeb2fe127f47e3632d43d677c66c102b",
                "sha256:9ff0f4f29c51e2803569d7a51c2304de5554655a60c5d776e35b4a41413830d0",
                "sha256:a354325ee03388678242a4d7ebcd08b5c727033fcff3b2f536aea978e15ee9e6",
                "sha256:a4abb4f9001ad2858e7ac189089c42178fcce737e4169dc61321660f1a96c7d2",
                "sha256:ab47dbe5cc8210f55aa58e4805fe224dac469cde56b9f731a4c098b91917159a",
                "sha256:afedb719a9dcfc7eaf2287b839d8198e06dcd4cb5d276a3df279231138e83d30",
                "sha256:b3ce300f3644fb06443ee2222c2201dd3a89ea6040541412b8fa189341847218",
                "sha256:b97fe8060236edf3662adfc2c633f56a08ae30560c56310562cb4f95500022d5",
                "sha256:bfe25acf8b437eb2a8b2d49d443800a5f18508cd811fea3181723922a8a82b07",
                "sha256:cd25bcecc4974d09257ffcd1f098ee778f7834c3ad767fe5db785be9a4aa9cb2",
                "sha256:d209d8969599b27ad20994c8e41936ee0964e6da07478d6c35016bc386b66ad4",
                "sha256:d5241e0a80d808d70546c697135da2c613f30e28251ff8307eb72ba696945764",
                "sha256:edd8b5fe47dab091176d21bb6de568acdd906d1887a4584a15a9a96a1dca06ef",
                "sha256:f870204a840a60da0b12273ef34f7051e98c3b5961b61b0c2c1be6dfd64fbcd3",
                "sha256:ffa75af20b44f8dba823498024771d5ac50620e6915abac414251bd971b4529f"
            ],
            "index": "pypi",
            "markers": "python_version >= '3.9'",
            "version": "==1.26.4"
        },
        "opencv-python": {
            "hashes": [
                "sha256:1a9f0e6267de3a1a1db0c54213d022c7c8b5b9ca4b580e80bdc58516c922c9e1",
                "sha256:3f16f08e02b2a2da44259c7cc712e779eff1dd8b55fdb0323e8cab09548086c0",
                "sha256:71dfb9555ccccdd77305fc3dcca5897fbf0cf28b297c51ee55e079c065d812a3",
                "sha256:7b34a52e9da36dda8c151c6394aed602e4b17fa041df0b9f5b93ae10b0fcca2a",
                "sha256:7e5f7aa4486651a6ebfa8ed4b594b65bd2d2f41beeb4241a3e4b1b85acbbbadb",
                "sha256:dcf000c36dd1651118a2462257e3a9e76db789a78432e1f303c7bac54f63ef6c",
                "sha256:e4088cab82b66a3b37ffc452976b14a3c599269c247895ae9ceb4066d8188a57"
            ],
            "index": "pypi",
            "markers": "python_version >= '3.6'",
            "version": "==4.9.0.80"
        },
        "packaging": {
            "hashes": [
                "sha256:2ddfb553fdf02fb784c234c7ba6ccc288296ceabec964ad2eae3777778130bc5",
                "sha256:eb82c5e3e56209074766e6885bb04b8c38a0c015d0a30036ebe7ece34c9989e9"
            ],
            "markers": "python_version >= '3.7'",
            "version": "==24.0"
        },
        "pefile": {
            "hashes": [
                "sha256:82e6114004b3d6911c77c3953e3838654b04511b8b66e8583db70c65998017dc",
                "sha256:da185cd2af68c08a6cd4481f7325ed600a88f6a813bad9dea07ab3ef73d8d8d6"
            ],
            "markers": "sys_platform == 'win32'",
            "version": "==2023.2.7"
        },
        "pyarmor": {
            "hashes": [
                "sha256:29cad2a03341511ed0ad3ccaf725cd4f906afb61dbe2c85776a1d6248121404c",
                "sha256:706f04208dd08a07995910c0b54383761f9547f48725a7debb0965168b3d9f75"
            ],
            "index": "pypi",
            "version": "==8.5.1"
        },
        "pyarmor.cli.core": {
            "hashes": [
                "sha256:0952a3f66048a259af4d344a880ed6ec036e5bccbdf92150e704b62ee104a9f8",
                "sha256:0b58eb5cec198358dda7e9b8a28abe4312c9e3e0d87abc7cef4a606680eafe3b",
                "sha256:0f77770d4f052474ad713e11dc09e57ef4688e7b38eba962a22958b93e0e874c",
                "sha256:14c691514d2e3cca6cb5125ad1beca0cc6366018fb9848187b49e6fc431da95e",
                "sha256:19edc6da6fbf66a38ff58ecd3647f8bba61351bfff73e754583c5773127aa738",
                "sha256:23bc3058ead9cbcfe99a40f469711d3672f856a9a14d73dfe9d658ff55b9ddfe",
                "sha256:24a95f4ebff92483c3d96ebee2c18bec500577ba331b7731e199945b563b2a28",
                "sha256:26ae8be5424a54fd8c5b7a3fbca1948b86ec698deefe0bda3c4dabd30ba89c2d",
                "sha256:2883cc43d6d7a854b9ee639250a7cadeac6ff981226fe52611fb62dd5da0c038",
                "sha256:2a6f1ec457aa52fb2fc91937b5049c1f548f9fe99f9be6196b4d877167de7e46",
                "sha256:2b7a6d226eb7706b8b070d1f8c18d07b9f94425cfbe7493213c6868de06cd997",
                "sha256:2c10fd2ef13bca1feae7196213e55f346bca99a6034c1a64fdfabd5e3e474f19",
                "sha256:2cbfee13ca72d7d995b559a7e691d3246089eadf8e83e6b1b80039e922bd7b70",
                "sha256:368d3ac9469ab20d45101622b049e13879346ffcf1dd01a306dd41355e8ae9bd",
                "sha256:3f3f9ce19c6b3c7fb42f381bde49881a3a48d95ca863ff195f5a9e8a73b5314b",
                "sha256:4513a8ff50edc7d4b59277517fad09f9d5049dac54903b05778af224dc0e48f6",
                "sha256:4a5319d937e2f0def9187f4bff2ff7be411c15ea9ec4314dc8201f8a680a949d",
                "sha256:4ab5830f5a61aaabbc5ab9252afea6b918591cbdae52c5244a4172b1088390f6",
                "sha256:51f0c888237bf8d4369d51472e9ff95617eb50ea66c960cec090e402600d059e",
                "sha256:539c81181216ff955a19ea0423262577d094dcac9134e1a21725aa8e84158b0c",
                "sha256:53b05a83cb3737bd38c952b1356828bc08e1f5b5f9a47382b5e0596d51f823d3",
                "sha256:58f08b7398a7eeb4b172516215b7659a324e0abd621b1660afa788fa1961a4f5",
                "sha256:61467242052d9f854bad4200c78a6986b994cb003c703510327a6d10900a6353",
                "sha256:6466803f78e78b55c8e3b56571e1067ad1684e91249ae4045bc526af37e9b696",
                "sha256:6763071883778fa43385ce516a6829876ac7d0d231bd6ae66bd8667b0d88519f",
                "sha256:6bc4ae6d61e5d07858f4082c3287fde84f0fb8cdd74aeb003214357c09dca4f1",
                "sha256:6c466331a25a207aabeb0d816305697a6fcf22a2a0926e5e787a3afe9dbbe5d7",
                "sha256:6f54b87ceafef0ee4c6648794b83459bd3be5194eb6d4f0221373f0abb7eed21",
                "sha256:72f24049a22d8364dfbd72e90e18fed0f456b2caa5e5c72fe77c0f95daa0b92f",
                "sha256:72fb122307668332f943508ca08c9554abb7f293ff44629cb08616276516c963",
                "sha256:7dc254d909cd985b5fa8f6b39b48b4a93827cea9a612c76b61ceb521180cf27f",
                "sha256:844ecb3bfb1f6362916b73e0a6e2ab2ff7e0eba46719e360a3aaa64f97cf07ee",
                "sha256:93e5f7cbefbc9a6c8f1f0d32d6a2945d3a445fa6a4fd71f9c5fc300eb42871be",
                "sha256:945d9a893dc40f87efa4f97c6734f4dfa6e41d2b94d93acb78226a999cd9bf02",
                "sha256:98c382752614baa1639843a24b10a453053802dfd4712aeba6c15f76f6e3d991",
                "sha256:a85d47c52bba49af9ff3a91b7ca760f6dbe303e9303d6b60977928f67f3fafd0",
                "sha256:aebc97f221f76cba437ed085a399f087022292410283b46c3e762523cc5463aa",
                "sha256:b4d3ebafebe3aac991ee04c15852ef27009f51a8fbdfab328d7bb7516b7235f1",
                "sha256:b6f8b4c5757fe0e8b5c7ffad4b0ae1e0e0ea0161894226a70896b7e84843337a",
                "sha256:befdec656167d5cafc9a22b508e3b07d3de0def9db7ea2c834ab28e852431f84",
                "sha256:c046d619fc23685e5b94f39c41313bdd581695d2b9a9a295e0d96964c7ff13e7",
                "sha256:c4f708bd465f9c5aac8db05b604df3395b72c42f67a79288459d9df85cbb9cee",
                "sha256:c66b5570f8148ec1fe31bb5285cef02cc74ddc3b10b44082f7a80c3071081ab9",
                "sha256:ca0f6728cc32d129f899b8dff770253af80c78e9173a85355000d6266aade4c6",
                "sha256:cb7872ec20fd8142ac2954eb380042ddf09cda7549183946fc914bc03678344a",
                "sha256:cd41f4ce1e6ea3c2cbee9bae9be0aa1b444a8fabf15995cf23f076c873869f2d",
                "sha256:d0ae8fb24e6cfb7fc088e2a7d8abf4c84c95103139475a05ad6d237d4a40661f",
                "sha256:d0f0e78e5eb747c38193e993f3d2db63ba08febd2ba78e858869b5fe9704907f",
                "sha256:d2a3b8da7be89e304bf6cdd9cb5e05684e1fd5717db0a3adf43f80d7530e1f81",
                "sha256:d47f437071a311ebd699ea4813e8988557f6ff9fe40df380719a9400e8763e73",
                "sha256:da2246c868cf2cb438ce0e99b8942a75333c41bd7a864fcaa8e2f5ec3c4dfd49",
                "sha256:dab6fcf1fd311d7da9fb975e7f6e733cb8a8f1e65f0a0877356970b8a73bb8cc",
                "sha256:dd9abb5700c866a8dc464ed33711e9f60c915358d297da0d18bb11635f426c2f",
                "sha256:ddb12a65fbefb5067984c2a9a0ec8bd2ff613346791a652a2c1112bb95656d6b",
                "sha256:e91579b5409c1a58779e30f7668adf9b968db81a76607ba4230f7f3211f86f2a",
                "sha256:e958879452aed664eda609dec0274a75e2b43b35a54015cda8587f15088f5d45",
                "sha256:eb791a78f62d623cc8a9cd14a7a3ebd08e96868feabda297e69f8b8ba0ac1e8d",
                "sha256:f2f191dc0422719eeb9b73e82d110fb311d28bfcbf1c6ec19e630c532e19fdb4",
                "sha256:fd1b2485ca0d2e2f522a6adc5bcbe93494a420a0c88202870cc48d40084710ef",
                "sha256:ff2d24caee4579fdd52af4aeaca26c7cdd9aba4ef67f8eaedbedddce0d4420a5"
            ],
            "version": "==6.5.0"
        },
        "pyinstaller": {
            "hashes": [
                "sha256:0dae0edbe6d667b6b0ccd8c97a148f86474a82da7ce582296f9025f4c7242ec6",
                "sha256:1b3b7d6d3b18d76a833fd5a4d7f4544c5e2c2a4db4a728ea191e62f69d5cc33c",
                "sha256:5f432f3fdef053989e0a44134e483131c533dab7637e6afd80c3f7c26e6dbcc9",
                "sha256:61865eee5e0d8f8252722f6d001baec497b7cee79ebe62c33a6ba86ba0c7010d",
                "sha256:6cfee8a74ea2d3a1dc8e99e732a87b314739dc14363778143caac31f8aee9039",
                "sha256:6ffd76a0194dac4df5e66dcfccc7b597f3eaa40ef9a3f63548f260aa2c187512",
                "sha256:7c76bfcb624803c311fa8fb137e4780d0ec86d11b7d90a8f43f185e2554afdcc",
                "sha256:81ec15c0deb8c7a0f95bea85b49eecc2df1bdeaf5fe487a41d97de6b0ad29dff",
                "sha256:9d828213aea5401bb33a36ca396f8dc76a59a25bce1d76a13c9ad94ba29fbe42",
                "sha256:a54968df2228f0128607b1dced41bbff94149d459987fb5cd1a41893e9bb85df",
                "sha256:b1e55113c5a40cb7041c908a57f212f3ebd3e444dbb245ca2f91d86a76dabec5",
                "sha256:e1266498893ce1d6cc7337e8d2acbf7905a10ed2b7c8377270117d6b7b922fc4"
            ],
            "index": "pypi",
            "markers": "python_version < '3.13' and python_version >= '3.8'",
            "version": "==6.5.0"
        },
        "pyinstaller-hooks-contrib": {
            "hashes": [
                "sha256:6701752d525e1f4eda1eaec2c2affc206171e15c7a4e188a152fcf3ed3308024",
                "sha256:d18657c29267c63563a96b8fc78db6ba9ae40af6702acb2f8c871df12c75b60b"
            ],
            "markers": "python_version >= '3.7'",
            "version": "==2024.3"
        },
        "pywin32-ctypes": {
            "hashes": [
                "sha256:3426e063bdd5fd4df74a14fa3cf80a0b42845a87e1d1e81f6549f9daec593a60",
                "sha256:bf490a1a709baf35d688fe0ecf980ed4de11d2b3e37b51e5442587a75d9957e7"
            ],
            "markers": "sys_platform == 'win32'",
            "version": "==0.2.2"
        },
        "setuptools": {
            "hashes": [
                "sha256:0ff4183f8f42cd8fa3acea16c45205521a4ef28f73c6391d8a25e92893134f2e",
                "sha256:c21c49fb1042386df081cb5d86759792ab89efca84cf114889191cd09aacc80c"
            ],
            "markers": "python_version >= '3.8'",
            "version": "==69.2.0"
        }
    },
    "develop": {}
}
